{
    "_readme": [
        "This file locks the dependencies of your project to a known state",
        "Read more about it at https://getcomposer.org/doc/01-basic-usage.md#installing-dependencies",
        "This file is @generated automatically"
    ],
    "content-hash": "755508fd2d7735d023e88038a368d0cf",
    "packages": [
        {
            "name": "composer/installers",
            "version": "v1.0.21",
            "source": {
                "type": "git",
                "url": "https://github.com/composer/installers.git",
                "reference": "d64e23fce42a4063d63262b19b8e7c0f3b5e4c45"
            },
            "dist": {
                "type": "zip",
                "url": "https://api.github.com/repos/composer/installers/zipball/d64e23fce42a4063d63262b19b8e7c0f3b5e4c45",
                "reference": "d64e23fce42a4063d63262b19b8e7c0f3b5e4c45",
                "shasum": ""
            },
            "replace": {
                "roundcube/plugin-installer": "*",
                "shama/baton": "*"
            },
            "require-dev": {
                "composer/composer": "1.0.*@dev",
                "phpunit/phpunit": "4.1.*"
            },
            "type": "composer-installer",
            "extra": {
                "class": "Composer\\Installers\\Installer",
                "branch-alias": {
                    "dev-master": "1.0-dev"
                }
            },
            "autoload": {
                "psr-0": {
                    "Composer\\Installers\\": "src/"
                }
            },
            "notification-url": "https://packagist.org/downloads/",
            "license": [
                "MIT"
            ],
            "authors": [
                {
                    "name": "Kyle Robinson Young",
                    "email": "kyle@dontkry.com",
                    "homepage": "https://github.com/shama"
                }
            ],
            "description": "A multi-framework Composer library installer",
            "homepage": "http://composer.github.com/installers/",
            "keywords": [
                "Craft",
                "Dolibarr",
                "Hurad",
                "MODX Evo",
                "OXID",
                "SMF",
                "Thelia",
                "WolfCMS",
                "agl",
                "aimeos",
                "annotatecms",
                "bitrix",
                "cakephp",
                "chef",
                "codeigniter",
                "concrete5",
                "croogo",
                "dokuwiki",
                "drupal",
                "elgg",
                "fuelphp",
                "grav",
                "installer",
                "joomla",
                "kohana",
                "laravel",
                "lithium",
                "magento",
                "mako",
                "mediawiki",
                "modulework",
                "moodle",
                "phpbb",
                "piwik",
                "ppi",
                "puppet",
                "roundcube",
                "shopware",
                "silverstripe",
                "symfony",
                "typo3",
                "wordpress",
                "zend",
                "zikula"
            ],
            "support": {
                "issues": "https://github.com/composer/installers/issues",
                "source": "https://github.com/composer/installers/tree/master"
            },
            "time": "2015-02-18T17:17:01+00:00"
        },
        {
            "name": "iio/libmergepdf",
            "version": "3.1.1",
            "source": {
                "type": "git",
                "url": "https://github.com/hanneskod/libmergepdf.git",
                "reference": "77059d0f5d9c5ebfe6df2d094109e6aee90ae647"
            },
            "dist": {
                "type": "zip",
                "url": "https://api.github.com/repos/hanneskod/libmergepdf/zipball/77059d0f5d9c5ebfe6df2d094109e6aee90ae647",
                "reference": "77059d0f5d9c5ebfe6df2d094109e6aee90ae647",
                "shasum": ""
            },
            "require": {
                "php": ">=5.6",
                "setasign/fpdi-fpdf": "^2.0"
            },
            "require-dev": {
                "hanneskod/readme-tester": "1.0-beta.1",
                "phpunit/phpunit": "^5.0",
                "symfony/finder": "^2.0"
            },
            "suggest": {
                "symfony/finder": "Bulk add files using finder."
            },
            "type": "library",
            "autoload": {
                "psr-4": {
                    "iio\\libmergepdf\\": "src/"
                }
            },
            "notification-url": "https://packagist.org/downloads/",
            "license": [
                "WTFPL"
            ],
            "authors": [
                {
                    "name": "Hannes Forsgård",
                    "email": "hannes.forsgard@gmail.com"
                }
            ],
            "description": "Library for merging multiple PDFs",
            "homepage": "https://github.com/hanneskod/libmergepdf",
            "keywords": [
                "concatenate",
                "merge",
                "pdf"
            ],
            "support": {
                "issues": "https://github.com/hanneskod/libmergepdf/issues",
                "source": "https://github.com/hanneskod/libmergepdf/tree/master"
            },
            "time": "2017-12-11T20:42:07+00:00"
        },
        {
            "name": "jjgrainger/posttypes",
            "version": "2.1",
            "source": {
                "type": "git",
                "url": "https://github.com/jjgrainger/PostTypes.git",
                "reference": "a87584606e9ef726f7621c1d71a184fdf7282172"
            },
            "dist": {
                "type": "zip",
                "url": "https://api.github.com/repos/jjgrainger/PostTypes/zipball/a87584606e9ef726f7621c1d71a184fdf7282172",
                "reference": "a87584606e9ef726f7621c1d71a184fdf7282172",
                "shasum": ""
            },
            "require": {
                "php": ">=7.2"
            },
            "require-dev": {
                "phpunit/phpunit": "8.*",
                "squizlabs/php_codesniffer": "3.*"
            },
            "type": "library",
            "autoload": {
                "psr-4": {
                    "PostTypes\\": "src/"
                }
            },
            "notification-url": "https://packagist.org/downloads/",
            "license": [
                "MIT"
            ],
            "authors": [
                {
                    "name": "Joe Grainger",
                    "email": "hello@jjgrainger.co.uk",
                    "homepage": "https://jjgrainger.co.uk"
                }
            ],
            "description": "Simple WordPress custom post types.",
            "homepage": "https://github.com/jjgrainger/posttype",
            "support": {
                "issues": "https://github.com/jjgrainger/PostTypes/issues",
                "source": "https://github.com/jjgrainger/PostTypes/tree/v2.1"
            },
            "time": "2020-04-12T13:01:12+00:00"
        },
        {
            "name": "johnpbloch/wordpress",
            "version": "5.7.0",
            "source": {
                "type": "git",
                "url": "https://github.com/johnpbloch/wordpress.git",
                "reference": "22ea3c6aa631e296c528f58a67371fb2a5e674f2"
            },
            "dist": {
                "type": "zip",
                "url": "https://api.github.com/repos/johnpbloch/wordpress/zipball/22ea3c6aa631e296c528f58a67371fb2a5e674f2",
                "reference": "22ea3c6aa631e296c528f58a67371fb2a5e674f2",
                "shasum": ""
            },
            "require": {
                "johnpbloch/wordpress-core": "5.7.0",
                "johnpbloch/wordpress-core-installer": "^1.0 || ^2.0",
                "php": ">=5.6.20"
            },
            "type": "package",
            "notification-url": "https://packagist.org/downloads/",
            "license": [
                "GPL-2.0+"
            ],
            "authors": [
                {
                    "name": "WordPress Community",
                    "homepage": "http://wordpress.org/about/"
                }
            ],
            "description": "WordPress is open source software you can use to create a beautiful website, blog, or app.",
            "homepage": "http://wordpress.org/",
            "keywords": [
                "blog",
                "cms",
                "wordpress"
            ],
            "support": {
                "forum": "http://wordpress.org/support/",
                "irc": "irc://irc.freenode.net/wordpress",
                "issues": "http://core.trac.wordpress.org/",
                "source": "http://core.trac.wordpress.org/browser",
                "wiki": "http://codex.wordpress.org/"
            },
            "time": "2021-03-09T20:32:28+00:00"
        },
        {
            "name": "johnpbloch/wordpress-core",
            "version": "5.7.0",
            "source": {
                "type": "git",
                "url": "https://github.com/johnpbloch/wordpress-core.git",
                "reference": "8b057056692ca196aaa7a7ddd915f29426922c6d"
            },
            "dist": {
                "type": "zip",
                "url": "https://api.github.com/repos/johnpbloch/wordpress-core/zipball/8b057056692ca196aaa7a7ddd915f29426922c6d",
                "reference": "8b057056692ca196aaa7a7ddd915f29426922c6d",
                "shasum": ""
            },
            "require": {
                "ext-json": "*",
                "php": ">=5.6.20"
            },
            "provide": {
                "wordpress/core-implementation": "5.7.0"
            },
            "type": "wordpress-core",
            "notification-url": "https://packagist.org/downloads/",
            "license": [
                "GPL-2.0-or-later"
            ],
            "authors": [
                {
                    "name": "WordPress Community",
                    "homepage": "https://wordpress.org/about/"
                }
            ],
            "description": "WordPress is open source software you can use to create a beautiful website, blog, or app.",
            "homepage": "https://wordpress.org/",
            "keywords": [
                "blog",
                "cms",
                "wordpress"
            ],
            "support": {
                "forum": "https://wordpress.org/support/",
                "irc": "irc://irc.freenode.net/wordpress",
                "issues": "https://core.trac.wordpress.org/",
                "source": "https://core.trac.wordpress.org/browser",
                "wiki": "https://codex.wordpress.org/"
            },
            "time": "2021-03-09T20:32:23+00:00"
        },
        {
            "name": "johnpbloch/wordpress-core-installer",
            "version": "2.0.0",
            "source": {
                "type": "git",
                "url": "https://github.com/johnpbloch/wordpress-core-installer.git",
                "reference": "237faae9a60a4a2e1d45dce1a5836ffa616de63e"
            },
            "dist": {
                "type": "zip",
                "url": "https://api.github.com/repos/johnpbloch/wordpress-core-installer/zipball/237faae9a60a4a2e1d45dce1a5836ffa616de63e",
                "reference": "237faae9a60a4a2e1d45dce1a5836ffa616de63e",
                "shasum": ""
            },
            "require": {
                "composer-plugin-api": "^1.0 || ^2.0",
                "php": ">=5.6.0"
            },
            "conflict": {
                "composer/installers": "<1.0.6"
            },
            "require-dev": {
                "composer/composer": "^1.0 || ^2.0",
                "phpunit/phpunit": ">=5.7.27"
            },
            "type": "composer-plugin",
            "extra": {
                "class": "johnpbloch\\Composer\\WordPressCorePlugin"
            },
            "autoload": {
                "psr-0": {
                    "johnpbloch\\Composer\\": "src/"
                }
            },
            "notification-url": "https://packagist.org/downloads/",
            "license": [
                "GPL-2.0-or-later"
            ],
            "authors": [
                {
                    "name": "John P. Bloch",
                    "email": "me@johnpbloch.com"
                }
            ],
            "description": "A custom installer to handle deploying WordPress with composer",
            "keywords": [
                "wordpress"
            ],
            "support": {
                "issues": "https://github.com/johnpbloch/wordpress-core-installer/issues",
                "source": "https://github.com/johnpbloch/wordpress-core-installer/tree/master"
            },
            "time": "2020-04-16T21:44:57+00:00"
        },
        {
            "name": "rcamposp/tcpdi-merger",
            "version": "dev-fix_pdf_size",
            "source": {
                "type": "git",
                "url": "https://github.com/firebelly/tcpdi-merger",
                "reference": "89f84e4159da0c9467fbe592e4a5d1449106b18f"
            },
            "require": {
                "php": ">=5.3.0",
                "tecnickcom/tcpdf": "^6.2"
            },
            "type": "library",
            "autoload": {
                "psr-4": {
                    "rcamposp\\tcpdi_merger\\": "src/"
                }
            },
            "license": [
                "WTFPL"
            ],
            "authors": [
                {
                    "name": "Ricardo Campos",
                    "email": "ricardocamposp@gmail.com"
                }
            ],
            "description": "PDF Importer that supports PDF versions 1.6+. Based on: https://github.com/pauln/tcpdi",
            "homepage": "https://github.com/rcamposp/tcpdi-merger",
            "keywords": [
                "concatenate",
                "merge",
                "pdf"
            ],
            "time": "2017-03-13T17:10:26+00:00"
        },
        {
            "name": "roots/soil",
            "version": "3.9.0",
            "source": {
                "type": "git",
                "url": "https://github.com/roots/soil.git",
                "reference": "63dcd6e1754a4c806ce3d3077b44d908c58b374e"
            },
            "dist": {
                "type": "zip",
                "url": "https://api.github.com/repos/roots/soil/zipball/63dcd6e1754a4c806ce3d3077b44d908c58b374e",
                "reference": "63dcd6e1754a4c806ce3d3077b44d908c58b374e",
                "shasum": ""
            },
            "require": {
                "composer/installers": "~1.0",
                "php": ">=5.4.0"
            },
            "require-dev": {
                "squizlabs/php_codesniffer": "^2.5.1"
            },
            "type": "wordpress-plugin",
            "notification-url": "https://packagist.org/downloads/",
            "license": [
                "MIT"
            ],
            "authors": [
                {
                    "name": "Ben Word",
                    "email": "ben@benword.com",
                    "homepage": "https://github.com/retlehs"
                },
                {
                    "name": "Scott Walkinshaw",
                    "email": "scott.walkinshaw@gmail.com",
                    "homepage": "https://github.com/swalkinshaw"
                }
            ],
            "description": "A WordPress plugin which contains a collection of modules to apply theme-agnostic front-end modifications",
            "homepage": "https://roots.io/plugins/soil/",
            "keywords": [
                "wordpress"
            ],
            "support": {
                "forum": "https://discourse.roots.io/",
                "issues": "https://github.com/roots/soil/issues",
                "source": "https://github.com/roots/soil/tree/3.9.0"
            },
            "time": "2019-12-07T22:25:02+00:00"
        },
        {
            "name": "setasign/fpdf",
            "version": "1.8.2",
            "source": {
                "type": "git",
                "url": "https://github.com/Setasign/FPDF.git",
                "reference": "d77904018090c17dc9f3ab6e944679a7a47e710a"
            },
            "dist": {
                "type": "zip",
                "url": "https://api.github.com/repos/Setasign/FPDF/zipball/d77904018090c17dc9f3ab6e944679a7a47e710a",
                "reference": "d77904018090c17dc9f3ab6e944679a7a47e710a",
                "shasum": ""
            },
            "type": "library",
            "autoload": {
                "classmap": [
                    "fpdf.php"
                ]
            },
            "notification-url": "https://packagist.org/downloads/",
            "license": [
                "MIT"
            ],
            "authors": [
                {
                    "name": "Olivier Plathey",
                    "email": "oliver@fpdf.org",
                    "homepage": "http://fpdf.org/"
                }
            ],
            "description": "FPDF is a PHP class which allows to generate PDF files with pure PHP. F from FPDF stands for Free: you may use it for any kind of usage and modify it to suit your needs.",
            "homepage": "http://www.fpdf.org",
            "keywords": [
                "fpdf",
                "pdf"
            ],
            "support": {
                "source": "https://github.com/Setasign/FPDF/tree/1.8.2"
            },
            "time": "2019-12-08T10:32:10+00:00"
        },
        {
            "name": "setasign/fpdi",
            "version": "v2.3.6",
            "source": {
                "type": "git",
                "url": "https://github.com/Setasign/FPDI.git",
                "reference": "6231e315f73e4f62d72b73f3d6d78ff0eed93c31"
            },
            "dist": {
                "type": "zip",
                "url": "https://api.github.com/repos/Setasign/FPDI/zipball/6231e315f73e4f62d72b73f3d6d78ff0eed93c31",
                "reference": "6231e315f73e4f62d72b73f3d6d78ff0eed93c31",
                "shasum": ""
            },
            "require": {
                "ext-zlib": "*",
                "php": "^5.6 || ^7.0 || ^8.0"
            },
            "conflict": {
                "setasign/tfpdf": "<1.31"
            },
            "require-dev": {
                "phpunit/phpunit": "~5.7",
                "setasign/fpdf": "~1.8",
                "setasign/tfpdf": "1.31",
                "squizlabs/php_codesniffer": "^3.5",
                "tecnickcom/tcpdf": "~6.2"
            },
            "suggest": {
                "setasign/fpdf": "FPDI will extend this class but as it is also possible to use TCPDF or tFPDF as an alternative. There's no fixed dependency configured."
            },
            "type": "library",
            "autoload": {
                "psr-4": {
                    "setasign\\Fpdi\\": "src/"
                }
            },
            "notification-url": "https://packagist.org/downloads/",
            "license": [
                "MIT"
            ],
            "authors": [
                {
                    "name": "Jan Slabon",
                    "email": "jan.slabon@setasign.com",
                    "homepage": "https://www.setasign.com"
                },
                {
                    "name": "Maximilian Kresse",
                    "email": "maximilian.kresse@setasign.com",
                    "homepage": "https://www.setasign.com"
                }
            ],
            "description": "FPDI is a collection of PHP classes facilitating developers to read pages from existing PDF documents and use them as templates in FPDF. Because it is also possible to use FPDI with TCPDF, there are no fixed dependencies defined. Please see suggestions for packages which evaluates the dependencies automatically.",
            "homepage": "https://www.setasign.com/fpdi",
            "keywords": [
                "fpdf",
                "fpdi",
                "pdf"
            ],
            "support": {
                "issues": "https://github.com/Setasign/FPDI/issues",
                "source": "https://github.com/Setasign/FPDI/tree/v2.3.6"
            },
            "funding": [
                {
                    "url": "https://tidelift.com/funding/github/packagist/setasign/fpdi",
                    "type": "tidelift"
                }
            ],
            "time": "2021-02-11T11:37:01+00:00"
        },
        {
            "name": "setasign/fpdi-fpdf",
            "version": "v2.3.0",
            "source": {
                "type": "git",
                "url": "https://github.com/Setasign/FPDI-FPDF.git",
                "reference": "f2fdc44e4d5247a3bb55ed2c2c1396ef05c02357"
            },
            "dist": {
                "type": "zip",
                "url": "https://api.github.com/repos/Setasign/FPDI-FPDF/zipball/f2fdc44e4d5247a3bb55ed2c2c1396ef05c02357",
                "reference": "f2fdc44e4d5247a3bb55ed2c2c1396ef05c02357",
                "shasum": ""
            },
            "require": {
                "setasign/fpdf": "^1.8.2",
                "setasign/fpdi": "^2.3"
            },
            "type": "library",
            "notification-url": "https://packagist.org/downloads/",
            "license": [
                "MIT"
            ],
            "authors": [
                {
                    "name": "Jan Slabon",
                    "email": "jan.slabon@setasign.com",
                    "homepage": "https://www.setasign.com"
                }
            ],
            "description": "Kind of metadata package for dependencies of the latest versions of FPDI and FPDF.",
            "homepage": "https://www.setasign.com/fpdi",
            "keywords": [
                "fpdf",
                "fpdi",
                "pdf"
            ],
            "support": {
                "source": "https://github.com/Setasign/FPDI-FPDF/tree/v2.3.0"
            },
            "abandoned": true,
            "time": "2020-02-19T12:21:53+00:00"
        },
        {
            "name": "symfony/polyfill-ctype",
            "version": "v1.22.1",
            "source": {
                "type": "git",
                "url": "https://github.com/symfony/polyfill-ctype.git",
                "reference": "c6c942b1ac76c82448322025e084cadc56048b4e"
            },
            "dist": {
                "type": "zip",
                "url": "https://api.github.com/repos/symfony/polyfill-ctype/zipball/c6c942b1ac76c82448322025e084cadc56048b4e",
                "reference": "c6c942b1ac76c82448322025e084cadc56048b4e",
                "shasum": ""
            },
            "require": {
                "php": ">=7.1"
            },
            "suggest": {
                "ext-ctype": "For best performance"
            },
            "type": "library",
            "extra": {
                "branch-alias": {
                    "dev-main": "1.22-dev"
                },
                "thanks": {
                    "name": "symfony/polyfill",
                    "url": "https://github.com/symfony/polyfill"
                }
            },
            "autoload": {
                "psr-4": {
                    "Symfony\\Polyfill\\Ctype\\": ""
                },
                "files": [
                    "bootstrap.php"
                ]
            },
            "notification-url": "https://packagist.org/downloads/",
            "license": [
                "MIT"
            ],
            "authors": [
                {
                    "name": "Gert de Pagter",
                    "email": "BackEndTea@gmail.com"
                },
                {
                    "name": "Symfony Community",
                    "homepage": "https://symfony.com/contributors"
                }
            ],
            "description": "Symfony polyfill for ctype functions",
            "homepage": "https://symfony.com",
            "keywords": [
                "compatibility",
                "ctype",
                "polyfill",
                "portable"
            ],
            "support": {
                "source": "https://github.com/symfony/polyfill-ctype/tree/v1.22.1"
            },
            "funding": [
                {
                    "url": "https://symfony.com/sponsor",
                    "type": "custom"
                },
                {
                    "url": "https://github.com/fabpot",
                    "type": "github"
                },
                {
                    "url": "https://tidelift.com/funding/github/packagist/symfony/symfony",
                    "type": "tidelift"
                }
            ],
            "time": "2021-01-07T16:49:33+00:00"
        },
        {
            "name": "tecnickcom/tcpdf",
            "version": "6.4.1",
            "source": {
                "type": "git",
                "url": "https://github.com/tecnickcom/TCPDF.git",
                "reference": "5ba838befdb37ef06a16d9f716f35eb03cb1b329"
            },
            "dist": {
                "type": "zip",
                "url": "https://api.github.com/repos/tecnickcom/TCPDF/zipball/5ba838befdb37ef06a16d9f716f35eb03cb1b329",
                "reference": "5ba838befdb37ef06a16d9f716f35eb03cb1b329",
                "shasum": ""
            },
            "require": {
                "php": ">=5.3.0"
            },
            "type": "library",
            "autoload": {
                "classmap": [
                    "config",
                    "include",
                    "tcpdf.php",
                    "tcpdf_parser.php",
                    "tcpdf_import.php",
                    "tcpdf_barcodes_1d.php",
                    "tcpdf_barcodes_2d.php",
                    "include/tcpdf_colors.php",
                    "include/tcpdf_filters.php",
                    "include/tcpdf_font_data.php",
                    "include/tcpdf_fonts.php",
                    "include/tcpdf_images.php",
                    "include/tcpdf_static.php",
                    "include/barcodes/datamatrix.php",
                    "include/barcodes/pdf417.php",
                    "include/barcodes/qrcode.php"
                ]
            },
            "notification-url": "https://packagist.org/downloads/",
            "license": [
                "LGPL-3.0-only"
            ],
            "authors": [
                {
                    "name": "Nicola Asuni",
                    "email": "info@tecnick.com",
                    "role": "lead"
                }
            ],
            "description": "TCPDF is a PHP class for generating PDF documents and barcodes.",
            "homepage": "http://www.tcpdf.org/",
            "keywords": [
                "PDFD32000-2008",
                "TCPDF",
                "barcodes",
                "datamatrix",
                "pdf",
                "pdf417",
                "qrcode"
            ],
            "support": {
                "issues": "https://github.com/tecnickcom/TCPDF/issues",
                "source": "https://github.com/tecnickcom/TCPDF/tree/6.4.1"
            },
            "funding": [
                {
                    "url": "https://www.paypal.com/cgi-bin/webscr?cmd=_donations&currency_code=GBP&business=paypal@tecnick.com&item_name=donation%20for%20tcpdf%20project",
                    "type": "custom"
                }
            ],
            "time": "2021-03-27T16:00:33+00:00"
        },
        {
            "name": "vlucas/phpdotenv",
            "version": "v2.6.7",
            "source": {
                "type": "git",
                "url": "https://github.com/vlucas/phpdotenv.git",
                "reference": "b786088918a884258c9e3e27405c6a4cf2ee246e"
            },
            "dist": {
                "type": "zip",
                "url": "https://api.github.com/repos/vlucas/phpdotenv/zipball/b786088918a884258c9e3e27405c6a4cf2ee246e",
                "reference": "b786088918a884258c9e3e27405c6a4cf2ee246e",
                "shasum": ""
            },
            "require": {
                "php": "^5.3.9 || ^7.0 || ^8.0",
                "symfony/polyfill-ctype": "^1.17"
            },
            "require-dev": {
                "ext-filter": "*",
                "ext-pcre": "*",
                "phpunit/phpunit": "^4.8.36 || ^5.7.27 || ^6.5.14 || ^7.5.20"
            },
            "suggest": {
                "ext-filter": "Required to use the boolean validator.",
                "ext-pcre": "Required to use most of the library."
            },
            "type": "library",
            "extra": {
                "branch-alias": {
                    "dev-master": "2.6-dev"
                }
            },
            "autoload": {
                "psr-4": {
                    "Dotenv\\": "src/"
                }
            },
            "notification-url": "https://packagist.org/downloads/",
            "license": [
                "BSD-3-Clause"
            ],
            "authors": [
                {
                    "name": "Graham Campbell",
                    "email": "graham@alt-three.com",
                    "homepage": "https://gjcampbell.co.uk/"
                },
                {
                    "name": "Vance Lucas",
                    "email": "vance@vancelucas.com",
                    "homepage": "https://vancelucas.com/"
                }
            ],
            "description": "Loads environment variables from `.env` to `getenv()`, `$_ENV` and `$_SERVER` automagically.",
            "keywords": [
                "dotenv",
                "env",
                "environment"
            ],
            "support": {
                "issues": "https://github.com/vlucas/phpdotenv/issues",
                "source": "https://github.com/vlucas/phpdotenv/tree/v2.6.7"
            },
            "funding": [
                {
                    "url": "https://github.com/GrahamCampbell",
                    "type": "github"
                },
                {
                    "url": "https://tidelift.com/funding/github/packagist/vlucas/phpdotenv",
                    "type": "tidelift"
                }
            ],
            "time": "2021-01-20T14:39:13+00:00"
        },
        {
            "name": "wpackagist-plugin/akismet",
            "version": "4.1.9",
            "source": {
                "type": "svn",
                "url": "https://plugins.svn.wordpress.org/akismet/",
                "reference": "tags/4.1.9"
            },
            "dist": {
                "type": "zip",
                "url": "https://downloads.wordpress.org/plugin/akismet.4.1.9.zip"
            },
            "require": {
                "composer/installers": "~1.0"
            },
            "type": "wordpress-plugin",
            "homepage": "https://wordpress.org/plugins/akismet/"
        },
        {
            "name": "wpackagist-plugin/better-search-replace",
            "version": "1.3.4",
            "source": {
                "type": "svn",
                "url": "https://plugins.svn.wordpress.org/better-search-replace/",
                "reference": "trunk"
            },
            "dist": {
                "type": "zip",
                "url": "https://downloads.wordpress.org/plugin/better-search-replace.zip?timestamp=1607361595"
            },
            "require": {
                "composer/installers": "~1.0"
            },
            "type": "wordpress-plugin",
            "homepage": "https://wordpress.org/plugins/better-search-replace/"
        },
        {
            "name": "wpackagist-plugin/category-checklist-tree",
            "version": "1.3.2",
            "source": {
                "type": "svn",
                "url": "https://plugins.svn.wordpress.org/category-checklist-tree/",
                "reference": "tags/1.3.2"
            },
            "dist": {
                "type": "zip",
                "url": "https://downloads.wordpress.org/plugin/category-checklist-tree.1.3.2.zip"
            },
            "require": {
                "composer/installers": "~1.0"
            },
            "type": "wordpress-plugin",
            "homepage": "https://wordpress.org/plugins/category-checklist-tree/"
        },
        {
            "name": "wpackagist-plugin/cmb2",
            "version": "2.9.0",
            "source": {
                "type": "svn",
                "url": "https://plugins.svn.wordpress.org/cmb2/",
                "reference": "trunk"
            },
            "dist": {
                "type": "zip",
                "url": "https://downloads.wordpress.org/plugin/cmb2.zip?timestamp=1614826089"
            },
            "require": {
                "composer/installers": "~1.0"
            },
            "type": "wordpress-plugin",
            "homepage": "https://wordpress.org/plugins/cmb2/"
        },
        {
            "name": "wpackagist-plugin/disable-gutenberg",
            "version": "1.9",
            "source": {
                "type": "svn",
                "url": "https://plugins.svn.wordpress.org/disable-gutenberg/",
                "reference": "tags/1.9"
            },
            "dist": {
                "type": "zip",
                "url": "https://downloads.wordpress.org/plugin/disable-gutenberg.1.9.zip"
            },
            "require": {
                "composer/installers": "~1.0"
            },
            "type": "wordpress-plugin",
            "homepage": "https://wordpress.org/plugins/disable-gutenberg/"
        },
        {
            "name": "wpackagist-plugin/enhanced-media-library",
            "version": "2.8.3",
            "source": {
                "type": "svn",
                "url": "https://plugins.svn.wordpress.org/enhanced-media-library/",
                "reference": "tags/2.8.3"
            },
            "dist": {
                "type": "zip",
                "url": "https://downloads.wordpress.org/plugin/enhanced-media-library.2.8.3.zip"
            },
            "require": {
                "composer/installers": "~1.0"
            },
            "type": "wordpress-plugin",
            "homepage": "https://wordpress.org/plugins/enhanced-media-library/"
        },
        {
            "name": "wpackagist-plugin/google-sitemap-generator",
            "version": "4.1.1",
            "source": {
                "type": "svn",
                "url": "https://plugins.svn.wordpress.org/google-sitemap-generator/",
                "reference": "tags/4.1.1"
            },
            "dist": {
                "type": "zip",
                "url": "https://downloads.wordpress.org/plugin/google-sitemap-generator.4.1.1.zip"
            },
            "require": {
                "composer/installers": "~1.0"
            },
            "type": "wordpress-plugin",
            "homepage": "https://wordpress.org/plugins/google-sitemap-generator/"
        },
        {
            "name": "wpackagist-plugin/intuitive-custom-post-order",
            "version": "3.1.2.1",
            "source": {
                "type": "svn",
                "url": "https://plugins.svn.wordpress.org/intuitive-custom-post-order/",
                "reference": "tags/3.1.2.1"
            },
            "dist": {
                "type": "zip",
                "url": "https://downloads.wordpress.org/plugin/intuitive-custom-post-order.3.1.2.1.zip"
            },
            "require": {
                "composer/installers": "~1.0"
            },
            "type": "wordpress-plugin",
            "homepage": "https://wordpress.org/plugins/intuitive-custom-post-order/"
        },
        {
            "name": "wpackagist-plugin/limit-login-attempts",
            "version": "1.7.1",
            "source": {
                "type": "svn",
                "url": "https://plugins.svn.wordpress.org/limit-login-attempts/",
                "reference": "tags/1.7.1"
            },
            "dist": {
                "type": "zip",
                "url": "https://downloads.wordpress.org/plugin/limit-login-attempts.1.7.1.zip"
            },
            "require": {
                "composer/installers": "~1.0"
            },
            "type": "wordpress-plugin",
            "homepage": "https://wordpress.org/plugins/limit-login-attempts/"
        },
        {
            "name": "wpackagist-plugin/parent-category-toggler",
            "version": "1.3.4",
            "source": {
                "type": "svn",
                "url": "https://plugins.svn.wordpress.org/parent-category-toggler/",
                "reference": "trunk"
            },
            "dist": {
                "type": "zip",
                "url": "https://downloads.wordpress.org/plugin/parent-category-toggler.zip?timestamp=1496678496"
            },
            "require": {
                "composer/installers": "~1.0"
            },
            "type": "wordpress-plugin",
            "homepage": "https://wordpress.org/plugins/parent-category-toggler/"
        },
        {
            "name": "wpackagist-plugin/redirection",
            "version": "5.0.1",
            "source": {
                "type": "svn",
                "url": "https://plugins.svn.wordpress.org/redirection/",
                "reference": "tags/5.0.1"
            },
            "dist": {
                "type": "zip",
                "url": "https://downloads.wordpress.org/plugin/redirection.5.0.1.zip"
            },
            "require": {
                "composer/installers": "~1.0"
            },
            "type": "wordpress-plugin",
            "homepage": "https://wordpress.org/plugins/redirection/"
        },
        {
            "name": "wpackagist-plugin/update-from-bottom",
            "version": "1.0.3",
            "source": {
                "type": "svn",
                "url": "https://plugins.svn.wordpress.org/update-from-bottom/",
                "reference": "tags/1.0.3"
            },
            "dist": {
                "type": "zip",
                "url": "https://downloads.wordpress.org/plugin/update-from-bottom.1.0.3.zip"
            },
            "require": {
                "composer/installers": "~1.0"
            },
            "type": "wordpress-plugin",
            "homepage": "https://wordpress.org/plugins/update-from-bottom/"
        }
    ],
    "packages-dev": [],
    "aliases": [],
    "minimum-stability": "stable",
    "stability-flags": {
        "rcamposp/tcpdi-merger": 20
    },
    "prefer-stable": false,
    "prefer-lowest": false,
    "platform": {
        "php": ">=5.4"
    },
    "platform-dev": [],
    "plugin-api-version": "2.0.0"
}
